<?xml version="1.0" encoding="UTF-8"?>
<Scheme
   LastUpgradeVersion = "1430"
   version = "1.7">
   <BuildAction
      parallelizeBuildables = "YES"
      buildImplicitDependencies = "YES"
      runPostActionsOnFailure = "NO">
      <PreActions>
         <ExecutionAction
            ActionType = "Xcode.IDEStandardExecutionActionsCore.ExecutionActionType.ShellScriptAction">
            <ActionContent
               title = "Check IDKit Dependencies"
               scriptText = "REPO_ROOT=&quot;${SRCROOT}/../../..&quot;&#10;XCFRAMEWORK=&quot;${REPO_ROOT}/IDKitFFI.xcframework&quot;&#10;GENERATED=&quot;${REPO_ROOT}/swift/Sources/IDKit/Generated/idkit_core.swift&quot;&#10;&#10;if [ ! -d &quot;${XCFRAMEWORK}&quot; ] || [ ! -f &quot;${GENERATED}&quot; ]; then&#10;  echo &quot;error: IDKit native artifacts not found.&quot; &gt;&amp;2&#10;  echo &quot;error: Run the following from the repo root, then build again:&quot; &gt;&amp;2&#10;  echo &quot;error:   ./scripts/package-swift.sh&quot; &gt;&amp;2&#10;  exit 1&#10;fi&#10;">
               <EnvironmentBuildable>
                  <BuildableReference
                     BuildableIdentifier = "primary"
                     BlueprintIdentifier = "5EFB68A938F232185A410A05"
                     BuildableName = "IDKitSampleApp.app"
                     BlueprintName = "IDKitSampleApp"
                     ReferencedContainer = "container:IDKitSampleApp.xcodeproj">
                  </BuildableReference>
               </EnvironmentBuildable>
            </ActionContent>
         </ExecutionAction>
      </PreActions>
      <BuildActionEntries>
         <BuildActionEntry
            buildForTesting = "YES"
            buildForRunning = "YES"
            buildForProfiling = "YES"
            buildForArchiving = "YES"
            buildForAnalyzing = "YES">
            <BuildableReference
               BuildableIdentifier = "primary"
               BlueprintIdentifier = "5EFB68A938F232185A410A05"
               BuildableName = "IDKitSampleApp.app"
               BlueprintName = "IDKitSampleApp"
               ReferencedContainer = "container:IDKitSampleApp.xcodeproj">
            </BuildableReference>
         </BuildActionEntry>
      </BuildActionEntries>
   </BuildAction>
   <TestAction
      buildConfiguration = "Debug"
      selectedDebuggerIdentifier = "Xcode.DebuggerFoundation.Debugger.LLDB"
      selectedLauncherIdentifier = "Xcode.DebuggerFoundation.Launcher.LLDB"
      shouldUseLaunchSchemeArgsEnv = "YES"
      onlyGenerateCoverageForSpecifiedTargets = "NO">
      <MacroExpansion>
         <BuildableReference
            BuildableIdentifier = "primary"
            BlueprintIdentifier = "5EFB68A938F232185A410A05"
            BuildableName = "IDKitSampleApp.app"
            BlueprintName = "IDKitSampleApp"
            ReferencedContainer = "container:IDKitSampleApp.xcodeproj">
         </BuildableReference>
      </MacroExpansion>
      <Testables>
      </Testables>
      <CommandLineArguments>
      </CommandLineArguments>
   </TestAction>
   <LaunchAction
      buildConfiguration = "Debug"
      selectedDebuggerIdentifier = "Xcode.DebuggerFoundation.Debugger.LLDB"
      selectedLauncherIdentifier = "Xcode.DebuggerFoundation.Launcher.LLDB"
      launchStyle = "0"
      useCustomWorkingDirectory = "NO"
      ignoresPersistentStateOnLaunch = "NO"
      debugDocumentVersioning = "YES"
      debugServiceExtension = "internal"
      allowLocationSimulation = "YES">
      <BuildableProductRunnable
         runnableDebuggingMode = "0">
         <BuildableReference
            BuildableIdentifier = "primary"
            BlueprintIdentifier = "5EFB68A938F232185A410A05"
            BuildableName = "IDKitSampleApp.app"
            BlueprintName = "IDKitSampleApp"
            ReferencedContainer = "container:IDKitSampleApp.xcodeproj">
         </BuildableReference>
      </BuildableProductRunnable>
      <CommandLineArguments>
      </CommandLineArguments>
   </LaunchAction>
   <ProfileAction
      buildConfiguration = "Release"
      shouldUseLaunchSchemeArgsEnv = "YES"
      savedToolIdentifier = ""
      useCustomWorkingDirectory = "NO"
      debugDocumentVersioning = "YES">
      <BuildableProductRunnable
         runnableDebuggingMode = "0">
         <BuildableReference
            BuildableIdentifier = "primary"
            BlueprintIdentifier = "5EFB68A938F232185A410A05"
            BuildableName = "IDKitSampleApp.app"
            BlueprintName = "IDKitSampleApp"
            ReferencedContainer = "container:IDKitSampleApp.xcodeproj">
         </BuildableReference>
      </BuildableProductRunnable>
   </ProfileAction>
   <AnalyzeAction
      buildConfiguration = "Debug">
   </AnalyzeAction>
   <ArchiveAction
      buildConfiguration = "Release"
      revealArchiveInOrganizer = "YES">
   </ArchiveAction>
</Scheme>
